
Microsoft Visual Studio Solution File, Format Version 12.00
# Visual Studio Version 17
VisualStudioVersion = 17.12.35417.141
MinimumVisualStudioVersion = 10.0.40219.1
Project("{E24C65DC-7377-472B-9ABA-BC803B73C61A}") = "UpdatePanelDemo", "..\UpdatePanelDemo\", "{FB5A02F0-B4B6-47CD-9AB6-376D33CDEA87}"
	ProjectSection(WebsiteProperties) = preProject
		TargetFrameworkMoniker = ".NETFramework,Version%3Dv4.7.2"
		Debug.AspNetCompiler.VirtualPath = "/localhost_51275"
		Debug.AspNetCompiler.PhysicalPath = "..\UpdatePanelDemo\"
		Debug.AspNetCompiler.TargetPath = "PrecompiledWeb\localhost_51275\"
		Debug.AspNetCompiler.Updateable = "true"
		Debug.AspNetCompiler.ForceOverwrite = "true"
		Debug.AspNetCompiler.FixedNames = "false"
		Debug.AspNetCompiler.Debug = "True"
		Release.AspNetCompiler.VirtualPath = "/localhost_51275"
		Release.AspNetCompiler.PhysicalPath = "..\UpdatePanelDemo\"
		Release.AspNetCompiler.TargetPath = "PrecompiledWeb\localhost_51275\"
		Release.AspNetCompiler.Updateable = "true"
		Release.AspNetCompiler.ForceOverwrite = "true"
		Release.AspNetCompiler.FixedNames = "false"
		Release.AspNetCompiler.Debug = "False"
		VWDPort = "51275"
		SlnRelativePath = "..\UpdatePanelDemo\"
	EndProjectSection
EndProject
Global
	GlobalSection(SolutionConfigurationPlatforms) = preSolution
		Debug|Any CPU = Debug|Any CPU
	EndGlobalSection
	GlobalSection(ProjectConfigurationPlatforms) = postSolution
		{FB5A02F0-B4B6-47CD-9AB6-376D33CDEA87}.Debug|Any CPU.ActiveCfg = Debug|Any CPU
		{FB5A02F0-B4B6-47CD-9AB6-376D33CDEA87}.Debug|Any CPU.Build.0 = Debug|Any CPU
	EndGlobalSection
	GlobalSection(SolutionProperties) = preSolution
		HideSolutionNode = FALSE
	EndGlobalSection
EndGlobal
